
Microsoft Visual Studio Solution File, Format Version 12.00
# Visual Studio Version 17
VisualStudioVersion = 17.9.34728.123
MinimumVisualStudioVersion = 10.0.40219.1
Project("{FAE04EC0-301F-11D3-BF4B-00C04F79EFBC}") = "FinancialPriceService", "FinancialPriceService\FinancialPriceService.csproj", "{5F51A700-FED4-477D-8FA2-0E573108ED55}"
EndProject
Global
	GlobalSection(SolutionConfigurationPlatforms) = preSolution
		Debug|Any CPU = Debug|Any CPU
		Release|Any CPU = Release|Any CPU
	EndGlobalSection
	GlobalSection(ProjectConfigurationPlatforms) = postSolution
		{5F51A700-FED4-477D-8FA2-0E573108ED55}.Debug|Any CPU.ActiveCfg = Debug|Any CPU
		{5F51A700-FED4-477D-8FA2-0E573108ED55}.Debug|Any CPU.Build.0 = Debug|Any CPU
		{5F51A700-FED4-477D-8FA2-0E573108ED55}.Release|Any CPU.ActiveCfg = Release|Any CPU
		{5F51A700-FED4-477D-8FA2-0E573108ED55}.Release|Any CPU.Build.0 = Release|Any CPU
	EndGlobalSection
	GlobalSection(SolutionProperties) = preSolution
		HideSolutionNode = FALSE
	EndGlobalSection
	GlobalSection(ExtensibilityGlobals) = postSolution
		SolutionGuid = {8F429112-266A-4DCD-8380-0B3634C5677E}
	EndGlobalSection
EndGlobal
